{
  "requires": true,
  "lockfileVersion": 1,
  "dependencies": {
    "@dcloudio/uni-ui": {
      "version": "1.4.9",
      "resolved": "https://registry.npmjs.org/@dcloudio/uni-ui/-/uni-ui-1.4.9.tgz",
      "integrity": "sha512-S4HcIUipswVysOzet8Z6YR8B77Frz4qvSmch1Aj7ddKWsD9Y55sEdRs7mjI32iqsXNXZeZtG05bgfEusDqQGtQ=="
    },
    "uview-ui": {
      "version": "1.8.4",
      "resolved": "https://registry.npmjs.org/uview-ui/-/uview-ui-1.8.4.tgz",
      "integrity": "sha512-Zr+D5dFdNy6CdHQLBEXeGq/w0LkjxzBtsgaaDwLl0P58g67H7fBBDvy6AzWK/k0c7dwPYMBiK7I4Tr9p92+0DA=="
    }
  }
}
